
Microsoft Visual Studio Solution File, Format Version 12.00
# Visual Studio Version 17
VisualStudioVersion = 17.14.36212.18 d17.14
MinimumVisualStudioVersion = 10.0.40219.1
Project("{FAE04EC0-301F-11D3-BF4B-00C04F79EFBC}") = "ConsoleApp3", "ConsoleApp3\ConsoleApp3.csproj", "{C25092C3-BE60-45FB-A198-E6F6B3457D71}"
EndProject
Global
	GlobalSection(SolutionConfigurationPlatforms) = preSolution
		Debug|Any CPU = Debug|Any CPU
		Release|Any CPU = Release|Any CPU
	EndGlobalSection
	GlobalSection(ProjectConfigurationPlatforms) = postSolution
		{C25092C3-BE60-45FB-A198-E6F6B3457D71}.Debug|Any CPU.ActiveCfg = Debug|Any CPU
		{C25092C3-BE60-45FB-A198-E6F6B3457D71}.Debug|Any CPU.Build.0 = Debug|Any CPU
		{C25092C3-BE60-45FB-A198-E6F6B3457D71}.Release|Any CPU.ActiveCfg = Release|Any CPU
		{C25092C3-BE60-45FB-A198-E6F6B3457D71}.Release|Any CPU.Build.0 = Release|Any CPU
	EndGlobalSection
	GlobalSection(SolutionProperties) = preSolution
		HideSolutionNode = FALSE
	EndGlobalSection
	GlobalSection(ExtensibilityGlobals) = postSolution
		SolutionGuid = {8E12ED65-9C56-43A8-920B-99D177417BA6}
	EndGlobalSection
EndGlobal
